
Microsoft Visual Studio Solution File, Format Version 12.00
# Visual Studio 2013
VisualStudioVersion = 12.0.30723.0
MinimumVisualStudioVersion = 10.0.40219.1
Project("{FAE04EC0-301F-11D3-BF4B-00C04F79EFBC}") = "HaritiStyleMe.Models", "HaritiStyleMe.Models\HaritiStyleMe.Models.csproj", "{16F3FACD-B570-4E90-9722-ABA507CAEF8F}"
EndProject
Project("{FAE04EC0-301F-11D3-BF4B-00C04F79EFBC}") = "HaritiStyleMe.Data", "HaritiStyleMe.Data\HaritiStyleMe.Data.csproj", "{E7A04340-FE6E-4FF3-8AE3-188F1B9F542B}"
EndProject
Project("{FAE04EC0-301F-11D3-BF4B-00C04F79EFBC}") = "HaritiStyleMe.Web", "HaritiStyleMe.Web\HaritiStyleMe.Web.csproj", "{68B6B0E5-C22F-4DC1-BA24-7DC97C4C8C99}"
EndProject
Global
	GlobalSection(SolutionConfigurationPlatforms) = preSolution
		Debug|Any CPU = Debug|Any CPU
		Release|Any CPU = Release|Any CPU
	EndGlobalSection
	GlobalSection(ProjectConfigurationPlatforms) = postSolution
		{16F3FACD-B570-4E90-9722-ABA507CAEF8F}.Debug|Any CPU.ActiveCfg = Debug|Any CPU
		{16F3FACD-B570-4E90-9722-ABA507CAEF8F}.Debug|Any CPU.Build.0 = Debug|Any CPU
		{16F3FACD-B570-4E90-9722-ABA507CAEF8F}.Release|Any CPU.ActiveCfg = Release|Any CPU
		{16F3FACD-B570-4E90-9722-ABA507CAEF8F}.Release|Any CPU.Build.0 = Release|Any CPU
		{E7A04340-FE6E-4FF3-8AE3-188F1B9F542B}.Debug|Any CPU.ActiveCfg = Debug|Any CPU
		{E7A04340-FE6E-4FF3-8AE3-188F1B9F542B}.Debug|Any CPU.Build.0 = Debug|Any CPU
		{E7A04340-FE6E-4FF3-8AE3-188F1B9F542B}.Release|Any CPU.ActiveCfg = Release|Any CPU
		{E7A04340-FE6E-4FF3-8AE3-188F1B9F542B}.Release|Any CPU.Build.0 = Release|Any CPU
		{68B6B0E5-C22F-4DC1-BA24-7DC97C4C8C99}.Debug|Any CPU.ActiveCfg = Debug|Any CPU
		{68B6B0E5-C22F-4DC1-BA24-7DC97C4C8C99}.Debug|Any CPU.Build.0 = Debug|Any CPU
		{68B6B0E5-C22F-4DC1-BA24-7DC97C4C8C99}.Release|Any CPU.ActiveCfg = Release|Any CPU
		{68B6B0E5-C22F-4DC1-BA24-7DC97C4C8C99}.Release|Any CPU.Build.0 = Release|Any CPU
	EndGlobalSection
	GlobalSection(SolutionProperties) = preSolution
		HideSolutionNode = FALSE
	EndGlobalSection
EndGlobal
